<?xml version="1.0" encoding="utf-8"?>
<Project ToolsVersion="4.0" xmlns="http://schemas.microsoft.com/developer/msbuild/2003">
  <ItemGroup>
    <Filter Include="src">
      <UniqueIdentifier>{4FC737F1-C7A5-4376-A066-2A32D752A2FF}</UniqueIdentifier>
      <Extensions>cpp;c;cc;cxx;def;odl;idl;hpj;bat;asm;asmx</Extensions>
    </Filter>
    <Filter Include="include">
      <UniqueIdentifier>{6f645e0e-b34e-4077-9cb2-60793500fe14}</UniqueIdentifier>
    </Filter>
    <Filter Include="src\base">
      <UniqueIdentifier>{3945542b-fe74-4caa-b5c1-efb72f8657e3}</UniqueIdentifier>
    </Filter>
  </ItemGroup>
  <ItemGroup>
    <ClInclude Include="src\Noncopyable.hpp">
      <Filter>src</Filter>
    </ClInclude>
    <ClInclude Include="src\BaseDanmaku.hpp">
      <Filter>src</Filter>
    </ClInclude>
    <ClInclude Include="src\DanmakuFactory.hpp">
      <Filter>src</Filter>
    </ClInclude>
    <ClInclude Include="src\TopDanmaku.hpp">
      <Filter>src</Filter>
    </ClInclude>
    <ClInclude Include="src\Rect.hpp">
      <Filter>src</Filter>
    </ClInclude>
    <ClInclude Include="src\Win32Mutex.hpp">
      <Filter>src</Filter>
    </ClInclude>
    <ClInclude Include="src\R2LDanmaku.hpp">
      <Filter>src</Filter>
    </ClInclude>
    <ClInclude Include="src\Displayer.hpp">
      <Filter>src</Filter>
    </ClInclude>
    <ClInclude Include="src\Renderable.hpp">
      <Filter>src</Filter>
    </ClInclude>
    <ClInclude Include="src\DanmakusRetainer.hpp">
      <Filter>src</Filter>
    </ClInclude>
    <ClInclude Include="src\DanmakusManager.hpp">
      <Filter>src</Filter>
    </ClInclude>
    <ClInclude Include="src\ITimer.hpp">
      <Filter>src</Filter>
    </ClInclude>
    <ClInclude Include="src\WinmmTimer.hpp">
      <Filter>src</Filter>
    </ClInclude>
    <ClInclude Include="src\DisplayerImpl.hpp">
      <Filter>src</Filter>
    </ClInclude>
    <ClInclude Include="src\Controller.hpp">
      <Filter>src</Filter>
    </ClInclude>
    <ClInclude Include="src\BilibiliParser.hpp">
      <Filter>src</Filter>
    </ClInclude>
    <ClInclude Include="src\IParser.hpp">
      <Filter>src</Filter>
    </ClInclude>
    <ClInclude Include="src\BottomDanmaku.hpp">
      <Filter>src</Filter>
    </ClInclude>
    <ClInclude Include="include\WTFDanmaku.h">
      <Filter>include</Filter>
    </ClInclude>
    <ClInclude Include="include\WTFEngine.hpp">
      <Filter>include</Filter>
    </ClInclude>
    <ClInclude Include="include\WTF_API.h">
      <Filter>include</Filter>
    </ClInclude>
    <ClInclude Include="include\WTFWindow.hpp">
      <Filter>include</Filter>
    </ClInclude>
    <ClInclude Include="src\DanmakuConfig.hpp">
      <Filter>src</Filter>
    </ClInclude>
    <ClInclude Include="src\OutlineTextRenderer.hpp">
      <Filter>src</Filter>
    </ClInclude>
    <ClInclude Include="src\base\Atomic.hpp">
      <Filter>src\base</Filter>
    </ClInclude>
    <ClInclude Include="src\base\Atomic_GCC.hpp">
      <Filter>src\base</Filter>
    </ClInclude>
    <ClInclude Include="src\base\Atomic_Win32.hpp">
      <Filter>src\base</Filter>
    </ClInclude>
    <ClInclude Include="src\base\Noncopyable.hpp">
      <Filter>src\base</Filter>
    </ClInclude>
    <ClInclude Include="src\base\RefBase.hpp">
      <Filter>src\base</Filter>
    </ClInclude>
    <ClInclude Include="src\base\RefCounted.hpp">
      <Filter>src\base</Filter>
    </ClInclude>
    <ClInclude Include="src\base\RefPtr.hpp">
      <Filter>src\base</Filter>
    </ClInclude>
    <ClInclude Include="src\base\SmartRef.hpp">
      <Filter>src\base</Filter>
    </ClInclude>
  </ItemGroup>
  <ItemGroup>
    <ClCompile Include="src\BaseDanmaku.cpp">
      <Filter>src</Filter>
    </ClCompile>
    <ClCompile Include="src\DanmakuFactory.cpp">
      <Filter>src</Filter>
    </ClCompile>
    <ClCompile Include="src\TopDanmaku.cpp">
      <Filter>src</Filter>
    </ClCompile>
    <ClCompile Include="src\R2LDanmaku.cpp">
      <Filter>src</Filter>
    </ClCompile>
    <ClCompile Include="src\Displayer.cpp">
      <Filter>src</Filter>
    </ClCompile>
    <ClCompile Include="src\Renderable.cpp">
      <Filter>src</Filter>
    </ClCompile>
    <ClCompile Include="src\DanmakusRetainer.cpp">
      <Filter>src</Filter>
    </ClCompile>
    <ClCompile Include="src\dllmain.cpp">
      <Filter>src</Filter>
    </ClCompile>
    <ClCompile Include="src\DanmakusManager.cpp">
      <Filter>src</Filter>
    </ClCompile>
    <ClCompile Include="src\WinmmTimer.cpp">
      <Filter>src</Filter>
    </ClCompile>
    <ClCompile Include="src\DisplayerImpl.cpp">
      <Filter>src</Filter>
    </ClCompile>
    <ClCompile Include="src\WTFDanmaku.cpp">
      <Filter>src</Filter>
    </ClCompile>
    <ClCompile Include="src\Controller.cpp">
      <Filter>src</Filter>
    </ClCompile>
    <ClCompile Include="src\BilibiliParser.cpp">
      <Filter>src</Filter>
    </ClCompile>
    <ClCompile Include="src\BottomDanmaku.cpp">
      <Filter>src</Filter>
    </ClCompile>
    <ClCompile Include="src\WTFEngine.cpp">
      <Filter>src</Filter>
    </ClCompile>
    <ClCompile Include="src\WTFWindow.cpp">
      <Filter>src</Filter>
    </ClCompile>
    <ClCompile Include="src\OutlineTextRenderer.cpp">
      <Filter>src</Filter>
    </ClCompile>
  </ItemGroup>
</Project>